
Microsoft Visual Studio Solution File, Format Version 12.00
# Visual Studio Version 17
VisualStudioVersion = 17.5.002.0
MinimumVisualStudioVersion = 10.0.40219.1
Project("{9A19103F-16F7-4668-BE54-9A1E7A4F7556}") = "Kubernetes", "Kubernetes.csproj", "{47FDC1BB-0A1A-47FB-A8C6-B731DB6B3A38}"
EndProject
Global
	GlobalSection(SolutionConfigurationPlatforms) = preSolution
		Debug|Any CPU = Debug|Any CPU
		Release|Any CPU = Release|Any CPU
	EndGlobalSection
	GlobalSection(ProjectConfigurationPlatforms) = postSolution
		{47FDC1BB-0A1A-47FB-A8C6-B731DB6B3A38}.Debug|Any CPU.ActiveCfg = Debug|Any CPU
		{47FDC1BB-0A1A-47FB-A8C6-B731DB6B3A38}.Debug|Any CPU.Build.0 = Debug|Any CPU
		{47FDC1BB-0A1A-47FB-A8C6-B731DB6B3A38}.Release|Any CPU.ActiveCfg = Release|Any CPU
		{47FDC1BB-0A1A-47FB-A8C6-B731DB6B3A38}.Release|Any CPU.Build.0 = Release|Any CPU
	EndGlobalSection
	GlobalSection(SolutionProperties) = preSolution
		HideSolutionNode = FALSE
	EndGlobalSection
	GlobalSection(ExtensibilityGlobals) = postSolution
		SolutionGuid = {64AB09F6-DDC2-45B4-BD7F-94EDCBCE36DB}
	EndGlobalSection
EndGlobal
